
Microsoft Visual Studio Solution File, Format Version 12.00
# Visual Studio Version 16
VisualStudioVersion = 16.0.33920.266
MinimumVisualStudioVersion = 10.0.40219.1
Project("{FAE04EC0-301F-11D3-BF4B-00C04F79EFBC}") = "WindowsFormsApp1", "WindowsFormsApp1.csproj", "{ECBC0FA3-2013-4EF9-AEDF-37B3B2993166}"
EndProject
Global
	GlobalSection(SolutionConfigurationPlatforms) = preSolution
		Debug|Any CPU = Debug|Any CPU
		Release|Any CPU = Release|Any CPU
	EndGlobalSection
	GlobalSection(ProjectConfigurationPlatforms) = postSolution
		{ECBC0FA3-2013-4EF9-AEDF-37B3B2993166}.Debug|Any CPU.ActiveCfg = Debug|Any CPU
		{ECBC0FA3-2013-4EF9-AEDF-37B3B2993166}.Debug|Any CPU.Build.0 = Debug|Any CPU
		{ECBC0FA3-2013-4EF9-AEDF-37B3B2993166}.Release|Any CPU.ActiveCfg = Release|Any CPU
		{ECBC0FA3-2013-4EF9-AEDF-37B3B2993166}.Release|Any CPU.Build.0 = Release|Any CPU
	EndGlobalSection
	GlobalSection(SolutionProperties) = preSolution
		HideSolutionNode = FALSE
	EndGlobalSection
	GlobalSection(ExtensibilityGlobals) = postSolution
		SolutionGuid = {535CA09E-A14F-447D-ACE8-C32B7BD97ECC}
	EndGlobalSection
EndGlobal
